// !$*UTF8*$!
{
	archiveVersion = 1;
	classes = {
	};
	objectVersion = 48;
	objects = {

/* Begin PBXBuildFile section */
		0ED6DE4A992DA1990E27C4B0 /* Pods_3DSCANER.framework in Frameworks */ = {isa = PBXBuildFile; fileRef = 4AD72D60130B6127E6C1A1DB /* Pods_3DSCANER.framework */; };
		663306A52059CEC90096F283 /* FTPUpload.swift in Sources */ = {isa = PBXBuildFile; fileRef = 663306A42059CEC90096F283 /* FTPUpload.swift */; };
		66826F9920590EDE006BBE36 /* AppDelegate.swift in Sources */ = {isa = PBXBuildFile; fileRef = 66826F9820590EDE006BBE36 /* AppDelegate.swift */; };
		66826F9B20590EDE006BBE36 /* ViewController.swift in Sources */ = {isa = PBXBuildFile; fileRef = 66826F9A20590EDE006BBE36 /* ViewController.swift */; };
		66826F9E20590EDE006BBE36 /* Main.storyboard in Resources */ = {isa = PBXBuildFile; fileRef = 66826F9C20590EDE006BBE36 /* Main.storyboard */; };
		66826FA020590EDE006BBE36 /* Assets.xcassets in Resources */ = {isa = PBXBuildFile; fileRef = 66826F9F20590EDE006BBE36 /* Assets.xcassets */; };
		66826FA320590EDE006BBE36 /* LaunchScreen.storyboard in Resources */ = {isa = PBXBuildFile; fileRef = 66826FA120590EDE006BBE36 /* LaunchScreen.storyboard */; };
		66826FAB20590F4B006BBE36 /* RecMng.swift in Sources */ = {isa = PBXBuildFile; fileRef = 66826FAA20590F4B006BBE36 /* RecMng.swift */; };
/* End PBXBuildFile section */

/* Begin PBXFileReference section */
		34A4894E43C63C69D69C3E54 /* Pods-3DSCANER.debug.xcconfig */ = {isa = PBXFileReference; includeInIndex = 1; lastKnownFileType = text.xcconfig; name = "Pods-3DSCANER.debug.xcconfig"; path = "Pods/Target Support Files/Pods-3DSCANER/Pods-3DSCANER.debug.xcconfig"; sourceTree = "<group>"; };
		4AD72D60130B6127E6C1A1DB /* Pods_3DSCANER.framework */ = {isa = PBXFileReference; explicitFileType = wrapper.framework; includeInIndex = 0; path = Pods_3DSCANER.framework; sourceTree = BUILT_PRODUCTS_DIR; };
		663306A42059CEC90096F283 /* FTPUpload.swift */ = {isa = PBXFileReference; lastKnownFileType = sourcecode.swift; path = FTPUpload.swift; sourceTree = "<group>"; };
		66826F9520590EDE006BBE36 /* 3DSCANER.app */ = {isa = PBXFileReference; explicitFileType = wrapper.application; includeInIndex = 0; path = 3DSCANER.app; sourceTree = BUILT_PRODUCTS_DIR; };
		66826F9820590EDE006BBE36 /* AppDelegate.swift */ = {isa = PBXFileReference; lastKnownFileType = sourcecode.swift; path = AppDelegate.swift; sourceTree = "<group>"; };
		66826F9A20590EDE006BBE36 /* ViewController.swift */ = {isa = PBXFileReference; lastKnownFileType = sourcecode.swift; path = ViewController.swift; sourceTree = "<group>"; };
		66826F9D20590EDE006BBE36 /* Base */ = {isa = PBXFileReference; lastKnownFileType = file.storyboard; name = Base; path = Base.lproj/Main.storyboard; sourceTree = "<group>"; };
		66826F9F20590EDE006BBE36 /* Assets.xcassets */ = {isa = PBXFileReference; lastKnownFileType = folder.assetcatalog; path = Assets.xcassets; sourceTree = "<group>"; };
		66826FA220590EDE006BBE36 /* Base */ = {isa = PBXFileReference; lastKnownFileType = file.storyboard; name = Base; path = Base.lproj/LaunchScreen.storyboard; sourceTree = "<group>"; };
		66826FA420590EDE006BBE36 /* Info.plist */ = {isa = PBXFileReference; lastKnownFileType = text.plist.xml; path = Info.plist; sourceTree = "<group>"; };
		66826FAA20590F4B006BBE36 /* RecMng.swift */ = {isa = PBXFileReference; lastKnownFileType = sourcecode.swift; path = RecMng.swift; sourceTree = "<group>"; };
		E54324D5C739C627D4326A89 /* Pods-3DSCANER.release.xcconfig */ = {isa = PBXFileReference; includeInIndex = 1; lastKnownFileType = text.xcconfig; name = "Pods-3DSCANER.release.xcconfig"; path = "Pods/Target Support Files/Pods-3DSCANER/Pods-3DSCANER.release.xcconfig"; sourceTree = "<group>"; };
/* End PBXFileReference section */

/* Begin PBXFrameworksBuildPhase section */
		66826F9220590EDE006BBE36 /* Frameworks */ = {
			isa = PBXFrameworksBuildPhase;
			buildActionMask = 2147483647;
			files = (
				0ED6DE4A992DA1990E27C4B0 /* Pods_3DSCANER.framework in Frameworks */,
			);
			runOnlyForDeploymentPostprocessing = 0;
		};
/* End PBXFrameworksBuildPhase section */

/* Begin PBXGroup section */
		3B2920FFAF2A7B5EE310160E /* Frameworks */ = {
			isa = PBXGroup;
			children = (
				4AD72D60130B6127E6C1A1DB /* Pods_3DSCANER.framework */,
			);
			name = Frameworks;
			sourceTree = "<group>";
		};
		66826F8C20590EDD006BBE36 = {
			isa = PBXGroup;
			children = (
				66826F9720590EDE006BBE36 /* 3DSCANER */,
				66826F9620590EDE006BBE36 /* Products */,
				CDA8A00CBC54A9C657B15C2C /* Pods */,
				3B2920FFAF2A7B5EE310160E /* Frameworks */,
			);
			sourceTree = "<group>";
		};
		66826F9620590EDE006BBE36 /* Products */ = {
			isa = PBXGroup;
			children = (
				66826F9520590EDE006BBE36 /* 3DSCANER.app */,
			);
			name = Products;
			sourceTree = "<group>";
		};
		66826F9720590EDE006BBE36 /* 3DSCANER */ = {
			isa = PBXGroup;
			children = (
				66826F9820590EDE006BBE36 /* AppDelegate.swift */,
				66826F9A20590EDE006BBE36 /* ViewController.swift */,
				66826F9C20590EDE006BBE36 /* Main.storyboard */,
				66826F9F20590EDE006BBE36 /* Assets.xcassets */,
				66826FA120590EDE006BBE36 /* LaunchScreen.storyboard */,
				66826FA420590EDE006BBE36 /* Info.plist */,
				66826FAA20590F4B006BBE36 /* RecMng.swift */,
				663306A42059CEC90096F283 /* FTPUpload.swift */,
			);
			path = 3DSCANER;
			sourceTree = "<group>";
		};
		CDA8A00CBC54A9C657B15C2C /* Pods */ = {
			isa = PBXGroup;
			children = (
				34A4894E43C63C69D69C3E54 /* Pods-3DSCANER.debug.xcconfig */,
				E54324D5C739C627D4326A89 /* Pods-3DSCANER.release.xcconfig */,
			);
			name = Pods;
			sourceTree = "<group>";
		};
/* End PBXGroup section */

/* Begin PBXNativeTarget section */
		66826F9420590EDE006BBE36 /* 3DSCANER */ = {
			isa = PBXNativeTarget;
			buildConfigurationList = 66826FA720590EDE006BBE36 /* Build configuration list for PBXNativeTarget "3DSCANER" */;
			buildPhases = (
				43C488E714D96BA2AF84924F /* [CP] Check Pods Manifest.lock */,
				66826F9120590EDE006BBE36 /* Sources */,
				66826F9220590EDE006BBE36 /* Frameworks */,
				66826F9320590EDE006BBE36 /* Resources */,
				DBC6CCCB9D1E02D2F83899CF /* [CP] Embed Pods Frameworks */,
				65FD0EAA7CA0183D9D391680 /* [CP] Copy Pods Resources */,
			);
			buildRules = (
			);
			dependencies = (
			);
			name = 3DSCANER;
			productName = 3DSCANER;
			productReference = 66826F9520590EDE006BBE36 /* 3DSCANER.app */;
			productType = "com.apple.product-type.application";
		};
/* End PBXNativeTarget section */

/* Begin PBXProject section */
		66826F8D20590EDD006BBE36 /* Project object */ = {
			isa = PBXProject;
			attributes = {
				LastSwiftUpdateCheck = 0920;
				LastUpgradeCheck = 0920;
				ORGANIZATIONNAME = Adam;
				TargetAttributes = {
					66826F9420590EDE006BBE36 = {
						CreatedOnToolsVersion = 9.2;
						ProvisioningStyle = Automatic;
					};
				};
			};
			buildConfigurationList = 66826F9020590EDD006BBE36 /* Build configuration list for PBXProject "3DSCANER" */;
			compatibilityVersion = "Xcode 8.0";
			developmentRegion = en;
			hasScannedForEncodings = 0;
			knownRegions = (
				en,
				Base,
			);
			mainGroup = 66826F8C20590EDD006BBE36;
			productRefGroup = 66826F9620590EDE006BBE36 /* Products */;
			projectDirPath = "";
			projectRoot = "";
			targets = (
				66826F9420590EDE006BBE36 /* 3DSCANER */,
			);
		};
/* End PBXProject section */

/* Begin PBXResourcesBuildPhase section */
		66826F9320590EDE006BBE36 /* Resources */ = {
			isa = PBXResourcesBuildPhase;
			buildActionMask = 2147483647;
			files = (
				66826FA320590EDE006BBE36 /* LaunchScreen.storyboard in Resources */,
				66826FA020590EDE006BBE36 /* Assets.xcassets in Resources */,
				66826F9E20590EDE006BBE36 /* Main.storyboard in Resources */,
			);
			runOnlyForDeploymentPostprocessing = 0;
		};
/* End PBXResourcesBuildPhase section */

/* Begin PBXShellScriptBuildPhase section */
		43C488E714D96BA2AF84924F /* [CP] Check Pods Manifest.lock */ = {
			isa = PBXShellScriptBuildPhase;
			buildActionMask = 2147483647;
			files = (
			);
			inputPaths = (
				"${PODS_PODFILE_DIR_PATH}/Podfile.lock",
				"${PODS_ROOT}/Manifest.lock",
			);
			name = "[CP] Check Pods Manifest.lock";
			outputPaths = (
				"$(DERIVED_FILE_DIR)/Pods-3DSCANER-checkManifestLockResult.txt",
			);
			runOnlyForDeploymentPostprocessing = 0;
			shellPath = /bin/sh;
			shellScript = "diff \"${PODS_PODFILE_DIR_PATH}/Podfile.lock\" \"${PODS_ROOT}/Manifest.lock\" > /dev/null\nif [ $? != 0 ] ; then\n    # print error to STDERR\n    echo \"error: The sandbox is not in sync with the Podfile.lock. Run 'pod install' or update your CocoaPods installation.\" >&2\n    exit 1\nfi\n# This output is used by Xcode 'outputs' to avoid re-running this script phase.\necho \"SUCCESS\" > \"${SCRIPT_OUTPUT_FILE_0}\"\n";
			showEnvVarsInLog = 0;
		};
		65FD0EAA7CA0183D9D391680 /* [CP] Copy Pods Resources */ = {
			isa = PBXShellScriptBuildPhase;
			buildActionMask = 2147483647;
			files = (
			);
			inputPaths = (
			);
			name = "[CP] Copy Pods Resources";
			outputPaths = (
			);
			runOnlyForDeploymentPostprocessing = 0;
			shellPath = /bin/sh;
			shellScript = "\"${SRCROOT}/Pods/Target Support Files/Pods-3DSCANER/Pods-3DSCANER-resources.sh\"\n";
			showEnvVarsInLog = 0;
		};
		DBC6CCCB9D1E02D2F83899CF /* [CP] Embed Pods Frameworks */ = {
			isa = PBXShellScriptBuildPhase;
			buildActionMask = 2147483647;
			files = (
			);
			inputPaths = (
				"${SRCROOT}/Pods/Target Support Files/Pods-3DSCANER/Pods-3DSCANER-frameworks.sh",
				"${BUILT_PRODUCTS_DIR}/GoldRaccoon/GoldRaccoon.framework",
			);
			name = "[CP] Embed Pods Frameworks";
			outputPaths = (
				"${TARGET_BUILD_DIR}/${FRAMEWORKS_FOLDER_PATH}/GoldRaccoon.framework",
			);
			runOnlyForDeploymentPostprocessing = 0;
			shellPath = /bin/sh;
			shellScript = "\"${SRCROOT}/Pods/Target Support Files/Pods-3DSCANER/Pods-3DSCANER-frameworks.sh\"\n";
			showEnvVarsInLog = 0;
		};
/* End PBXShellScriptBuildPhase section */

/* Begin PBXSourcesBuildPhase section */
		66826F9120590EDE006BBE36 /* Sources */ = {
			isa = PBXSourcesBuildPhase;
			buildActionMask = 2147483647;
			files = (
				66826F9B20590EDE006BBE36 /* ViewController.swift in Sources */,
				663306A52059CEC90096F283 /* FTPUpload.swift in Sources */,
				66826FAB20590F4B006BBE36 /* RecMng.swift in Sources */,
				66826F9920590EDE006BBE36 /* AppDelegate.swift in Sources */,
			);
			runOnlyForDeploymentPostprocessing = 0;
		};
/* End PBXSourcesBuildPhase section */

/* Begin PBXVariantGroup section */
		66826F9C20590EDE006BBE36 /* Main.storyboard */ = {
			isa = PBXVariantGroup;
			children = (
				66826F9D20590EDE006BBE36 /* Base */,
			);
			name = Main.storyboard;
			sourceTree = "<group>";
		};
		66826FA120590EDE006BBE36 /* LaunchScreen.storyboard */ = {
			isa = PBXVariantGroup;
			children = (
				66826FA220590EDE006BBE36 /* Base */,
			);
			name = LaunchScreen.storyboard;
			sourceTree = "<group>";
		};
/* End PBXVariantGroup section */

/* Begin XCBuildConfiguration section */
		66826FA520590EDE006BBE36 /* Debug */ = {
			isa = XCBuildConfiguration;
			buildSettings = {
				ALWAYS_SEARCH_USER_PATHS = NO;
				CLANG_ANALYZER_NONNULL = YES;
				CLANG_ANALYZER_NUMBER_OBJECT_CONVERSION = YES_AGGRESSIVE;
				CLANG_CXX_LANGUAGE_STANDARD = "gnu++14";
				CLANG_CXX_LIBRARY = "libc++";
				CLANG_ENABLE_MODULES = YES;
				CLANG_ENABLE_OBJC_ARC = YES;
				CLANG_WARN_BLOCK_CAPTURE_AUTORELEASING = YES;
				CLANG_WARN_BOOL_CONVERSION = YES;
				CLANG_WARN_COMMA = YES;
				CLANG_WARN_CONSTANT_CONVERSION = YES;
				CLANG_WARN_DIRECT_OBJC_ISA_USAGE = YES_ERROR;
				CLANG_WARN_DOCUMENTATION_COMMENTS = YES;
				CLANG_WARN_EMPTY_BODY = YES;
				CLANG_WARN_ENUM_CONVERSION = YES;
				CLANG_WARN_INFINITE_RECURSION = YES;
				CLANG_WARN_INT_CONVERSION = YES;
				CLANG_WARN_NON_LITERAL_NULL_CONVERSION = YES;
				CLANG_WARN_OBJC_LITERAL_CONVERSION = YES;
				CLANG_WARN_OBJC_ROOT_CLASS = YES_ERROR;
				CLANG_WARN_RANGE_LOOP_ANALYSIS = YES;
				CLANG_WARN_STRICT_PROTOTYPES = YES;
				CLANG_WARN_SUSPICIOUS_MOVE = YES;
				CLANG_WARN_UNGUARDED_AVAILABILITY = YES_AGGRESSIVE;
				CLANG_WARN_UNREACHABLE_CODE = YES;
				CLANG_WARN__DUPLICATE_METHOD_MATCH = YES;
				CODE_SIGN_IDENTITY = "iPhone Developer";
				COPY_PHASE_STRIP = NO;
				DEBUG_INFORMATION_FORMAT = dwarf;
				ENABLE_STRICT_OBJC_MSGSEND = YES;
				ENABLE_TESTABILITY = YES;
				GCC_C_LANGUAGE_STANDARD = gnu11;
				GCC_DYNAMIC_NO_PIC = NO;
				GCC_NO_COMMON_BLOCKS = YES;
				GCC_OPTIMIZATION_LEVEL = 0;
				GCC_PREPROCESSOR_DEFINITIONS = (
					"DEBUG=1",
					"$(inherited)",
				);
				GCC_WARN_64_TO_32_BIT_CONVERSION = YES;
				GCC_WARN_ABOUT_RETURN_TYPE = YES_ERROR;
				GCC_WARN_UNDECLARED_SELECTOR = YES;
				GCC_WARN_UNINITIALIZED_AUTOS = YES_AGGRESSIVE;
				GCC_WARN_UNUSED_FUNCTION = YES;
				GCC_WARN_UNUSED_VARIABLE = YES;
				IPHONEOS_DEPLOYMENT_TARGET = 11.2;
				MTL_ENABLE_DEBUG_INFO = YES;
				ONLY_ACTIVE_ARCH = YES;
				SDKROOT = iphoneos;
				SWIFT_ACTIVE_COMPILATION_CONDITIONS = DEBUG;
				SWIFT_OPTIMIZATION_LEVEL = "-Onone";
			};
			name = Debug;
		};
		66826FA620590EDE006BBE36 /* Release */ = {
			isa = XCBuildConfiguration;
			buildSettings = {
				ALWAYS_SEARCH_USER_PATHS = NO;
				CLANG_ANALYZER_NONNULL = YES;
				CLANG_ANALYZER_NUMBER_OBJECT_CONVERSION = YES_AGGRESSIVE;
				CLANG_CXX_LANGUAGE_STANDARD = "gnu++14";
				CLANG_CXX_LIBRARY = "libc++";
				CLANG_ENABLE_MODULES = YES;
				CLANG_ENABLE_OBJC_ARC = YES;
				CLANG_WARN_BLOCK_CAPTURE_AUTORELEASING = YES;
				CLANG_WARN_BOOL_CONVERSION = YES;
				CLANG_WARN_COMMA = YES;
				CLANG_WARN_CONSTANT_CONVERSION = YES;
				CLANG_WARN_DIRECT_OBJC_ISA_USAGE = YES_ERROR;
				CLANG_WARN_DOCUMENTATION_COMMENTS = YES;
				CLANG_WARN_EMPTY_BODY = YES;
				CLANG_WARN_ENUM_CONVERSION = YES;
				CLANG_WARN_INFINITE_RECURSION = YES;
				CLANG_WARN_INT_CONVERSION = YES;
				CLANG_WARN_NON_LITERAL_NULL_CONVERSION = YES;
				CLANG_WARN_OBJC_LITERAL_CONVERSION = YES;
				CLANG_WARN_OBJC_ROOT_CLASS = YES_ERROR;
				CLANG_WARN_RANGE_LOOP_ANALYSIS = YES;
				CLANG_WARN_STRICT_PROTOTYPES = YES;
				CLANG_WARN_SUSPICIOUS_MOVE = YES;
				CLANG_WARN_UNGUARDED_AVAILABILITY = YES_AGGRESSIVE;
				CLANG_WARN_UNREACHABLE_CODE = YES;
				CLANG_WARN__DUPLICATE_METHOD_MATCH = YES;
				CODE_SIGN_IDENTITY = "iPhone Developer";
				COPY_PHASE_STRIP = NO;
				DEBUG_INFORMATION_FORMAT = "dwarf-with-dsym";
				ENABLE_NS_ASSERTIONS = NO;
				ENABLE_STRICT_OBJC_MSGSEND = YES;
				GCC_C_LANGUAGE_STANDARD = gnu11;
				GCC_NO_COMMON_BLOCKS = YES;
				GCC_WARN_64_TO_32_BIT_CONVERSION = YES;
				GCC_WARN_ABOUT_RETURN_TYPE = YES_ERROR;
				GCC_WARN_UNDECLARED_SELECTOR = YES;
				GCC_WARN_UNINITIALIZED_AUTOS = YES_AGGRESSIVE;
				GCC_WARN_UNUSED_FUNCTION = YES;
				GCC_WARN_UNUSED_VARIABLE = YES;
				IPHONEOS_DEPLOYMENT_TARGET = 11.2;
				MTL_ENABLE_DEBUG_INFO = NO;
				SDKROOT = iphoneos;
				SWIFT_OPTIMIZATION_LEVEL = "-Owholemodule";
				VALIDATE_PRODUCT = YES;
			};
			name = Release;
		};
		66826FA820590EDE006BBE36 /* Debug */ = {
			isa = XCBuildConfiguration;
			baseConfigurationReference = 34A4894E43C63C69D69C3E54 /* Pods-3DSCANER.debug.xcconfig */;
			buildSettings = {
				ASSETCATALOG_COMPILER_APPICON_NAME = AppIcon;
				CODE_SIGN_STYLE = Automatic;
				DEVELOPMENT_TEAM = 3LQM9KSXZ2;
				INFOPLIST_FILE = 3DSCANER/Info.plist;
				LD_RUNPATH_SEARCH_PATHS = "$(inherited) @executable_path/Frameworks";
				PRODUCT_BUNDLE_IDENTIFIER = com.MR.test.3DSCANER;
				PRODUCT_NAME = "$(TARGET_NAME)";
				SWIFT_VERSION = 4.0;
				TARGETED_DEVICE_FAMILY = "1,2";
			};
			name = Debug;
		};
		66826FA920590EDE006BBE36 /* Release */ = {
			isa = XCBuildConfiguration;
			baseConfigurationReference = E54324D5C739C627D4326A89 /* Pods-3DSCANER.release.xcconfig */;
			buildSettings = {
				ASSETCATALOG_COMPILER_APPICON_NAME = AppIcon;
				CODE_SIGN_STYLE = Automatic;
				DEVELOPMENT_TEAM = 3LQM9KSXZ2;
				INFOPLIST_FILE = 3DSCANER/Info.plist;
				LD_RUNPATH_SEARCH_PATHS = "$(inherited) @executable_path/Frameworks";
				PRODUCT_BUNDLE_IDENTIFIER = com.MR.test.3DSCANER;
				PRODUCT_NAME = "$(TARGET_NAME)";
				SWIFT_VERSION = 4.0;
				TARGETED_DEVICE_FAMILY = "1,2";
			};
			name = Release;
		};
/* End XCBuildConfiguration section */

/* Begin XCConfigurationList section */
		66826F9020590EDD006BBE36 /* Build configuration list for PBXProject "3DSCANER" */ = {
			isa = XCConfigurationList;
			buildConfigurations = (
				66826FA520590EDE006BBE36 /* Debug */,
				66826FA620590EDE006BBE36 /* Release */,
			);
			defaultConfigurationIsVisible = 0;
			defaultConfigurationName = Release;
		};
		66826FA720590EDE006BBE36 /* Build configuration list for PBXNativeTarget "3DSCANER" */ = {
			isa = XCConfigurationList;
			buildConfigurations = (
				66826FA820590EDE006BBE36 /* Debug */,
				66826FA920590EDE006BBE36 /* Release */,
			);
			defaultConfigurationIsVisible = 0;
			defaultConfigurationName = Release;
		};
/* End XCConfigurationList section */
	};
	rootObject = 66826F8D20590EDD006BBE36 /* Project object */;
}
